{
  "name": "ts-dynamic-query",
  "version": "1.0.0",
  "lockfileVersion": 1,
  "requires": true,
  "dependencies": {
    "class-transformer": {
      "version": "0.1.9",
      "resolved": "https://registry.npmjs.org/class-transformer/-/class-transformer-0.1.9.tgz",
      "integrity": "sha512-KV0IteiRl95OZ9UzbuPj8RhckuHA4JTC+Q+ZbKTYPsmvB0GgPRG7JBEXiVhBq/U050OVRku4N5t0rSMHw8vDWw=="
    }
  }
}
